version: 7
platforms:
- name: osx-arm64
environments:
  default:
    channels:
    - url: https://conda.anaconda.org/conda-forge/
    packages:
      osx-arm64:
      - conda: https://conda.anaconda.org/conda-forge/osx-arm64/hugo-0.163.3-ha4d9615_0.conda
      - conda: https://conda.anaconda.org/conda-forge/osx-arm64/libcxx-22.1.8-h55c6f16_0.conda
packages:
- conda: https://conda.anaconda.org/conda-forge/osx-arm64/hugo-0.163.3-ha4d9615_0.conda
  sha256: 336259c20bb0f28edfb7fc87d3559640d3e794f45179b16b225a428964c77bae
  md5: f3d220fd472a2f2a36123ac7b83e64a5
  depends:
  - __osx >=12.3
  - libcxx >=19
  license: Apache-2.0
  license_family: APACHE
  run_exports: {}
  size: 17836803
  timestamp: 1781840765054
- conda: https://conda.anaconda.org/conda-forge/osx-arm64/libcxx-22.1.8-h55c6f16_0.conda
  sha256: a2e7abab5add9750fab064c024394de48e49f97631c605ad5db5c8ac3fc769ef
  md5: 89f76a2a21a3ec3ec983b5eb237c4113
  depends:
  - __osx >=11.0
  license: Apache-2.0 WITH LLVM-exception
  license_family: Apache
  run_exports: {}
  size: 569349
  timestamp: 1781670209146
